// !$*UTF8*$!
{
	archiveVersion = 1;
	classes = {
	};
	objectVersion = 46;
	objects = {

/* Begin PBXBuildFile section */
		4117DF671CD8451D0024EB16 /* main.m in Sources */ = {isa = PBXBuildFile; fileRef = 4117DF661CD8451D0024EB16 /* main.m */; };
		4117DF6A1CD8451D0024EB16 /* AppDelegate.m in Sources */ = {isa = PBXBuildFile; fileRef = 4117DF691CD8451D0024EB16 /* AppDelegate.m */; };
		4117DF6D1CD8451D0024EB16 /* ViewController.m in Sources */ = {isa = PBXBuildFile; fileRef = 4117DF6C1CD8451D0024EB16 /* ViewController.m */; };
		4117DF701CD8451D0024EB16 /* Main.storyboard in Resources */ = {isa = PBXBuildFile; fileRef = 4117DF6E1CD8451D0024EB16 /* Main.storyboard */; };
		4117DF721CD8451D0024EB16 /* Assets.xcassets in Resources */ = {isa = PBXBuildFile; fileRef = 4117DF711CD8451D0024EB16 /* Assets.xcassets */; };
		4117DF751CD8451D0024EB16 /* LaunchScreen.storyboard in Resources */ = {isa = PBXBuildFile; fileRef = 4117DF731CD8451D0024EB16 /* LaunchScreen.storyboard */; };
		4117DF801CD8451D0024EB16 /* YGHTabBarTests.m in Sources */ = {isa = PBXBuildFile; fileRef = 4117DF7F1CD8451D0024EB16 /* YGHTabBarTests.m */; };
		4117DF8B1CD8451D0024EB16 /* YGHTabBarUITests.m in Sources */ = {isa = PBXBuildFile; fileRef = 4117DF8A1CD8451D0024EB16 /* YGHTabBarUITests.m */; };
/* End PBXBuildFile section */

/* Begin PBXContainerItemProxy section */
		4117DF7C1CD8451D0024EB16 /* PBXContainerItemProxy */ = {
			isa = PBXContainerItemProxy;
			containerPortal = 4117DF5A1CD8451D0024EB16 /* Project object */;
			proxyType = 1;
			remoteGlobalIDString = 4117DF611CD8451D0024EB16;
			remoteInfo = YGHTabBar;
		};
		4117DF871CD8451D0024EB16 /* PBXContainerItemProxy */ = {
			isa = PBXContainerItemProxy;
			containerPortal = 4117DF5A1CD8451D0024EB16 /* Project object */;
			proxyType = 1;
			remoteGlobalIDString = 4117DF611CD8451D0024EB16;
			remoteInfo = YGHTabBar;
		};
/* End PBXContainerItemProxy section */

/* Begin PBXFileReference section */
		4117DF621CD8451D0024EB16 /* YGHTabBar.app */ = {isa = PBXFileReference; explicitFileType = wrapper.application; includeInIndex = 0; path = YGHTabBar.app; sourceTree = BUILT_PRODUCTS_DIR; };
		4117DF661CD8451D0024EB16 /* main.m */ = {isa = PBXFileReference; lastKnownFileType = sourcecode.c.objc; path = main.m; sourceTree = "<group>"; };
		4117DF681CD8451D0024EB16 /* AppDelegate.h */ = {isa = PBXFileReference; lastKnownFileType = sourcecode.c.h; path = AppDelegate.h; sourceTree = "<group>"; };
		4117DF691CD8451D0024EB16 /* AppDelegate.m */ = {isa = PBXFileReference; lastKnownFileType = sourcecode.c.objc; path = AppDelegate.m; sourceTree = "<group>"; };
		4117DF6B1CD8451D0024EB16 /* ViewController.h */ = {isa = PBXFileReference; lastKnownFileType = sourcecode.c.h; path = ViewController.h; sourceTree = "<group>"; };
		4117DF6C1CD8451D0024EB16 /* ViewController.m */ = {isa = PBXFileReference; lastKnownFileType = sourcecode.c.objc; path = ViewController.m; sourceTree = "<group>"; };
		4117DF6F1CD8451D0024EB16 /* Base */ = {isa = PBXFileReference; lastKnownFileType = file.storyboard; name = Base; path = Base.lproj/Main.storyboard; sourceTree = "<group>"; };
		4117DF711CD8451D0024EB16 /* Assets.xcassets */ = {isa = PBXFileReference; lastKnownFileType = folder.assetcatalog; path = Assets.xcassets; sourceTree = "<group>"; };
		4117DF741CD8451D0024EB16 /* Base */ = {isa = PBXFileReference; lastKnownFileType = file.storyboard; name = Base; path = Base.lproj/LaunchScreen.storyboard; sourceTree = "<group>"; };
		4117DF761CD8451D0024EB16 /* Info.plist */ = {isa = PBXFileReference; lastKnownFileType = text.plist.xml; path = Info.plist; sourceTree = "<group>"; };
		4117DF7B1CD8451D0024EB16 /* YGHTabBarTests.xctest */ = {isa = PBXFileReference; explicitFileType = wrapper.cfbundle; includeInIndex = 0; path = YGHTabBarTests.xctest; sourceTree = BUILT_PRODUCTS_DIR; };
		4117DF7F1CD8451D0024EB16 /* YGHTabBarTests.m */ = {isa = PBXFileReference; lastKnownFileType = sourcecode.c.objc; path = YGHTabBarTests.m; sourceTree = "<group>"; };
		4117DF811CD8451D0024EB16 /* Info.plist */ = {isa = PBXFileReference; lastKnownFileType = text.plist.xml; path = Info.plist; sourceTree = "<group>"; };
		4117DF861CD8451D0024EB16 /* YGHTabBarUITests.xctest */ = {isa = PBXFileReference; explicitFileType = wrapper.cfbundle; includeInIndex = 0; path = YGHTabBarUITests.xctest; sourceTree = BUILT_PRODUCTS_DIR; };
		4117DF8A1CD8451D0024EB16 /* YGHTabBarUITests.m */ = {isa = PBXFileReference; lastKnownFileType = sourcecode.c.objc; path = YGHTabBarUITests.m; sourceTree = "<group>"; };
		4117DF8C1CD8451D0024EB16 /* Info.plist */ = {isa = PBXFileReference; lastKnownFileType = text.plist.xml; path = Info.plist; sourceTree = "<group>"; };
/* End PBXFileReference section */

/* Begin PBXFrameworksBuildPhase section */
		4117DF5F1CD8451D0024EB16 /* Frameworks */ = {
			isa = PBXFrameworksBuildPhase;
			buildActionMask = 2147483647;
			files = (
			);
			runOnlyForDeploymentPostprocessing = 0;
		};
		4117DF781CD8451D0024EB16 /* Frameworks */ = {
			isa = PBXFrameworksBuildPhase;
			buildActionMask = 2147483647;
			files = (
			);
			runOnlyForDeploymentPostprocessing = 0;
		};
		4117DF831CD8451D0024EB16 /* Frameworks */ = {
			isa = PBXFrameworksBuildPhase;
			buildActionMask = 2147483647;
			files = (
			);
			runOnlyForDeploymentPostprocessing = 0;
		};
/* End PBXFrameworksBuildPhase section */

/* Begin PBXGroup section */
		4117DF591CD8451D0024EB16 = {
			isa = PBXGroup;
			children = (
				4117DF641CD8451D0024EB16 /* YGHTabBar */,
				4117DF7E1CD8451D0024EB16 /* YGHTabBarTests */,
				4117DF891CD8451D0024EB16 /* YGHTabBarUITests */,
				4117DF631CD8451D0024EB16 /* Products */,
			);
			sourceTree = "<group>";
		};
		4117DF631CD8451D0024EB16 /* Products */ = {
			isa = PBXGroup;
			children = (
				4117DF621CD8451D0024EB16 /* YGHTabBar.app */,
				4117DF7B1CD8451D0024EB16 /* YGHTabBarTests.xctest */,
				4117DF861CD8451D0024EB16 /* YGHTabBarUITests.xctest */,
			);
			name = Products;
			sourceTree = "<group>";
		};
		4117DF641CD8451D0024EB16 /* YGHTabBar */ = {
			isa = PBXGroup;
			children = (
				4117DF681CD8451D0024EB16 /* AppDelegate.h */,
				4117DF691CD8451D0024EB16 /* AppDelegate.m */,
				4117DF6B1CD8451D0024EB16 /* ViewController.h */,
				4117DF6C1CD8451D0024EB16 /* ViewController.m */,
				4117DF6E1CD8451D0024EB16 /* Main.storyboard */,
				4117DF711CD8451D0024EB16 /* Assets.xcassets */,
				4117DF731CD8451D0024EB16 /* LaunchScreen.storyboard */,
				4117DF761CD8451D0024EB16 /* Info.plist */,
				4117DF651CD8451D0024EB16 /* Supporting Files */,
			);
			path = YGHTabBar;
			sourceTree = "<group>";
		};
		4117DF651CD8451D0024EB16 /* Supporting Files */ = {
			isa = PBXGroup;
			children = (
				4117DF661CD8451D0024EB16 /* main.m */,
			);
			name = "Supporting Files";
			sourceTree = "<group>";
		};
		4117DF7E1CD8451D0024EB16 /* YGHTabBarTests */ = {
			isa = PBXGroup;
			children = (
				4117DF7F1CD8451D0024EB16 /* YGHTabBarTests.m */,
				4117DF811CD8451D0024EB16 /* Info.plist */,
			);
			path = YGHTabBarTests;
			sourceTree = "<group>";
		};
		4117DF891CD8451D0024EB16 /* YGHTabBarUITests */ = {
			isa = PBXGroup;
			children = (
				4117DF8A1CD8451D0024EB16 /* YGHTabBarUITests.m */,
				4117DF8C1CD8451D0024EB16 /* Info.plist */,
			);
			path = YGHTabBarUITests;
			sourceTree = "<group>";
		};
/* End PBXGroup section */

/* Begin PBXNativeTarget section */
		4117DF611CD8451D0024EB16 /* YGHTabBar */ = {
			isa = PBXNativeTarget;
			buildConfigurationList = 4117DF8F1CD8451D0024EB16 /* Build configuration list for PBXNativeTarget "YGHTabBar" */;
			buildPhases = (
				4117DF5E1CD8451D0024EB16 /* Sources */,
				4117DF5F1CD8451D0024EB16 /* Frameworks */,
				4117DF601CD8451D0024EB16 /* Resources */,
			);
			buildRules = (
			);
			dependencies = (
			);
			name = YGHTabBar;
			productName = YGHTabBar;
			productReference = 4117DF621CD8451D0024EB16 /* YGHTabBar.app */;
			productType = "com.apple.product-type.application";
		};
		4117DF7A1CD8451D0024EB16 /* YGHTabBarTests */ = {
			isa = PBXNativeTarget;
			buildConfigurationList = 4117DF921CD8451D0024EB16 /* Build configuration list for PBXNativeTarget "YGHTabBarTests" */;
			buildPhases = (
				4117DF771CD8451D0024EB16 /* Sources */,
				4117DF781CD8451D0024EB16 /* Frameworks */,
				4117DF791CD8451D0024EB16 /* Resources */,
			);
			buildRules = (
			);
			dependencies = (
				4117DF7D1CD8451D0024EB16 /* PBXTargetDependency */,
			);
			name = YGHTabBarTests;
			productName = YGHTabBarTests;
			productReference = 4117DF7B1CD8451D0024EB16 /* YGHTabBarTests.xctest */;
			productType = "com.apple.product-type.bundle.unit-test";
		};
		4117DF851CD8451D0024EB16 /* YGHTabBarUITests */ = {
			isa = PBXNativeTarget;
			buildConfigurationList = 4117DF951CD8451D0024EB16 /* Build configuration list for PBXNativeTarget "YGHTabBarUITests" */;
			buildPhases = (
				4117DF821CD8451D0024EB16 /* Sources */,
				4117DF831CD8451D0024EB16 /* Frameworks */,
				4117DF841CD8451D0024EB16 /* Resources */,
			);
			buildRules = (
			);
			dependencies = (
				4117DF881CD8451D0024EB16 /* PBXTargetDependency */,
			);
			name = YGHTabBarUITests;
			productName = YGHTabBarUITests;
			productReference = 4117DF861CD8451D0024EB16 /* YGHTabBarUITests.xctest */;
			productType = "com.apple.product-type.bundle.ui-testing";
		};
/* End PBXNativeTarget section */

/* Begin PBXProject section */
		4117DF5A1CD8451D0024EB16 /* Project object */ = {
			isa = PBXProject;
			attributes = {
				LastUpgradeCheck = 0720;
				ORGANIZATIONNAME = YangGH;
				TargetAttributes = {
					4117DF611CD8451D0024EB16 = {
						CreatedOnToolsVersion = 7.2;
					};
					4117DF7A1CD8451D0024EB16 = {
						CreatedOnToolsVersion = 7.2;
						TestTargetID = 4117DF611CD8451D0024EB16;
					};
					4117DF851CD8451D0024EB16 = {
						CreatedOnToolsVersion = 7.2;
						TestTargetID = 4117DF611CD8451D0024EB16;
					};
				};
			};
			buildConfigurationList = 4117DF5D1CD8451D0024EB16 /* Build configuration list for PBXProject "YGHTabBar" */;
			compatibilityVersion = "Xcode 3.2";
			developmentRegion = English;
			hasScannedForEncodings = 0;
			knownRegions = (
				en,
				Base,
			);
			mainGroup = 4117DF591CD8451D0024EB16;
			productRefGroup = 4117DF631CD8451D0024EB16 /* Products */;
			projectDirPath = "";
			projectRoot = "";
			targets = (
				4117DF611CD8451D0024EB16 /* YGHTabBar */,
				4117DF7A1CD8451D0024EB16 /* YGHTabBarTests */,
				4117DF851CD8451D0024EB16 /* YGHTabBarUITests */,
			);
		};
/* End PBXProject section */

/* Begin PBXResourcesBuildPhase section */
		4117DF601CD8451D0024EB16 /* Resources */ = {
			isa = PBXResourcesBuildPhase;
			buildActionMask = 2147483647;
			files = (
				4117DF751CD8451D0024EB16 /* LaunchScreen.storyboard in Resources */,
				4117DF721CD8451D0024EB16 /* Assets.xcassets in Resources */,
				4117DF701CD8451D0024EB16 /* Main.storyboard in Resources */,
			);
			runOnlyForDeploymentPostprocessing = 0;
		};
		4117DF791CD8451D0024EB16 /* Resources */ = {
			isa = PBXResourcesBuildPhase;
			buildActionMask = 2147483647;
			files = (
			);
			runOnlyForDeploymentPostprocessing = 0;
		};
		4117DF841CD8451D0024EB16 /* Resources */ = {
			isa = PBXResourcesBuildPhase;
			buildActionMask = 2147483647;
			files = (
			);
			runOnlyForDeploymentPostprocessing = 0;
		};
/* End PBXResourcesBuildPhase section */

/* Begin PBXSourcesBuildPhase section */
		4117DF5E1CD8451D0024EB16 /* Sources */ = {
			isa = PBXSourcesBuildPhase;
			buildActionMask = 2147483647;
			files = (
				4117DF6D1CD8451D0024EB16 /* ViewController.m in Sources */,
				4117DF6A1CD8451D0024EB16 /* AppDelegate.m in Sources */,
				4117DF671CD8451D0024EB16 /* main.m in Sources */,
			);
			runOnlyForDeploymentPostprocessing = 0;
		};
		4117DF771CD8451D0024EB16 /* Sources */ = {
			isa = PBXSourcesBuildPhase;
			buildActionMask = 2147483647;
			files = (
				4117DF801CD8451D0024EB16 /* YGHTabBarTests.m in Sources */,
			);
			runOnlyForDeploymentPostprocessing = 0;
		};
		4117DF821CD8451D0024EB16 /* Sources */ = {
			isa = PBXSourcesBuildPhase;
			buildActionMask = 2147483647;
			files = (
				4117DF8B1CD8451D0024EB16 /* YGHTabBarUITests.m in Sources */,
			);
			runOnlyForDeploymentPostprocessing = 0;
		};
/* End PBXSourcesBuildPhase section */

/* Begin PBXTargetDependency section */
		4117DF7D1CD8451D0024EB16 /* PBXTargetDependency */ = {
			isa = PBXTargetDependency;
			target = 4117DF611CD8451D0024EB16 /* YGHTabBar */;
			targetProxy = 4117DF7C1CD8451D0024EB16 /* PBXContainerItemProxy */;
		};
		4117DF881CD8451D0024EB16 /* PBXTargetDependency */ = {
			isa = PBXTargetDependency;
			target = 4117DF611CD8451D0024EB16 /* YGHTabBar */;
			targetProxy = 4117DF871CD8451D0024EB16 /* PBXContainerItemProxy */;
		};
/* End PBXTargetDependency section */

/* Begin PBXVariantGroup section */
		4117DF6E1CD8451D0024EB16 /* Main.storyboard */ = {
			isa = PBXVariantGroup;
			children = (
				4117DF6F1CD8451D0024EB16 /* Base */,
			);
			name = Main.storyboard;
			sourceTree = "<group>";
		};
		4117DF731CD8451D0024EB16 /* LaunchScreen.storyboard */ = {
			isa = PBXVariantGroup;
			children = (
				4117DF741CD8451D0024EB16 /* Base */,
			);
			name = LaunchScreen.storyboard;
			sourceTree = "<group>";
		};
/* End PBXVariantGroup section */

/* Begin XCBuildConfiguration section */
		4117DF8D1CD8451D0024EB16 /* Debug */ = {
			isa = XCBuildConfiguration;
			buildSettings = {
				ALWAYS_SEARCH_USER_PATHS = NO;
				CLANG_CXX_LANGUAGE_STANDARD = "gnu++0x";
				CLANG_CXX_LIBRARY = "libc++";
				CLANG_ENABLE_MODULES = YES;
				CLANG_ENABLE_OBJC_ARC = YES;
				CLANG_WARN_BOOL_CONVERSION = YES;
				CLANG_WARN_CONSTANT_CONVERSION = YES;
				CLANG_WARN_DIRECT_OBJC_ISA_USAGE = YES_ERROR;
				CLANG_WARN_EMPTY_BODY = YES;
				CLANG_WARN_ENUM_CONVERSION = YES;
				CLANG_WARN_INT_CONVERSION = YES;
				CLANG_WARN_OBJC_ROOT_CLASS = YES_ERROR;
				CLANG_WARN_UNREACHABLE_CODE = YES;
				CLANG_WARN__DUPLICATE_METHOD_MATCH = YES;
				"CODE_SIGN_IDENTITY[sdk=iphoneos*]" = "iPhone Developer";
				COPY_PHASE_STRIP = NO;
				DEBUG_INFORMATION_FORMAT = dwarf;
				ENABLE_STRICT_OBJC_MSGSEND = YES;
				ENABLE_TESTABILITY = YES;
				GCC_C_LANGUAGE_STANDARD = gnu99;
				GCC_DYNAMIC_NO_PIC = NO;
				GCC_NO_COMMON_BLOCKS = YES;
				GCC_OPTIMIZATION_LEVEL = 0;
				GCC_PREPROCESSOR_DEFINITIONS = (
					"DEBUG=1",
					"$(inherited)",
				);
				GCC_WARN_64_TO_32_BIT_CONVERSION = YES;
				GCC_WARN_ABOUT_RETURN_TYPE = YES_ERROR;
				GCC_WARN_UNDECLARED_SELECTOR = YES;
				GCC_WARN_UNINITIALIZED_AUTOS = YES_AGGRESSIVE;
				GCC_WARN_UNUSED_FUNCTION = YES;
				GCC_WARN_UNUSED_VARIABLE = YES;
				IPHONEOS_DEPLOYMENT_TARGET = 9.2;
				MTL_ENABLE_DEBUG_INFO = YES;
				ONLY_ACTIVE_ARCH = YES;
				SDKROOT = iphoneos;
			};
			name = Debug;
		};
		4117DF8E1CD8451D0024EB16 /* Release */ = {
			isa = XCBuildConfiguration;
			buildSettings = {
				ALWAYS_SEARCH_USER_PATHS = NO;
				CLANG_CXX_LANGUAGE_STANDARD = "gnu++0x";
				CLANG_CXX_LIBRARY = "libc++";
				CLANG_ENABLE_MODULES = YES;
				CLANG_ENABLE_OBJC_ARC = YES;
				CLANG_WARN_BOOL_CONVERSION = YES;
				CLANG_WARN_CONSTANT_CONVERSION = YES;
				CLANG_WARN_DIRECT_OBJC_ISA_USAGE = YES_ERROR;
				CLANG_WARN_EMPTY_BODY = YES;
				CLANG_WARN_ENUM_CONVERSION = YES;
				CLANG_WARN_INT_CONVERSION = YES;
				CLANG_WARN_OBJC_ROOT_CLASS = YES_ERROR;
				CLANG_WARN_UNREACHABLE_CODE = YES;
				CLANG_WARN__DUPLICATE_METHOD_MATCH = YES;
				"CODE_SIGN_IDENTITY[sdk=iphoneos*]" = "iPhone Developer";
				COPY_PHASE_STRIP = NO;
				DEBUG_INFORMATION_FORMAT = "dwarf-with-dsym";
				ENABLE_NS_ASSERTIONS = NO;
				ENABLE_STRICT_OBJC_MSGSEND = YES;
				GCC_C_LANGUAGE_STANDARD = gnu99;
				GCC_NO_COMMON_BLOCKS = YES;
				GCC_WARN_64_TO_32_BIT_CONVERSION = YES;
				GCC_WARN_ABOUT_RETURN_TYPE = YES_ERROR;
				GCC_WARN_UNDECLARED_SELECTOR = YES;
				GCC_WARN_UNINITIALIZED_AUTOS = YES_AGGRESSIVE;
				GCC_WARN_UNUSED_FUNCTION = YES;
				GCC_WARN_UNUSED_VARIABLE = YES;
				IPHONEOS_DEPLOYMENT_TARGET = 9.2;
				MTL_ENABLE_DEBUG_INFO = NO;
				SDKROOT = iphoneos;
				VALIDATE_PRODUCT = YES;
			};
			name = Release;
		};
		4117DF901CD8451D0024EB16 /* Debug */ = {
			isa = XCBuildConfiguration;
			buildSettings = {
				ASSETCATALOG_COMPILER_APPICON_NAME = AppIcon;
				INFOPLIST_FILE = YGHTabBar/Info.plist;
				LD_RUNPATH_SEARCH_PATHS = "$(inherited) @executable_path/Frameworks";
				PRODUCT_BUNDLE_IDENTIFIER = ecgo.YGHTabBar;
				PRODUCT_NAME = "$(TARGET_NAME)";
			};
			name = Debug;
		};
		4117DF911CD8451D0024EB16 /* Release */ = {
			isa = XCBuildConfiguration;
			buildSettings = {
				ASSETCATALOG_COMPILER_APPICON_NAME = AppIcon;
				INFOPLIST_FILE = YGHTabBar/Info.plist;
				LD_RUNPATH_SEARCH_PATHS = "$(inherited) @executable_path/Frameworks";
				PRODUCT_BUNDLE_IDENTIFIER = ecgo.YGHTabBar;
				PRODUCT_NAME = "$(TARGET_NAME)";
			};
			name = Release;
		};
		4117DF931CD8451D0024EB16 /* Debug */ = {
			isa = XCBuildConfiguration;
			buildSettings = {
				BUNDLE_LOADER = "$(TEST_HOST)";
				INFOPLIST_FILE = YGHTabBarTests/Info.plist;
				LD_RUNPATH_SEARCH_PATHS = "$(inherited) @executable_path/Frameworks @loader_path/Frameworks";
				PRODUCT_BUNDLE_IDENTIFIER = ecgo.YGHTabBarTests;
				PRODUCT_NAME = "$(TARGET_NAME)";
				TEST_HOST = "$(BUILT_PRODUCTS_DIR)/YGHTabBar.app/YGHTabBar";
			};
			name = Debug;
		};
		4117DF941CD8451D0024EB16 /* Release */ = {
			isa = XCBuildConfiguration;
			buildSettings = {
				BUNDLE_LOADER = "$(TEST_HOST)";
				INFOPLIST_FILE = YGHTabBarTests/Info.plist;
				LD_RUNPATH_SEARCH_PATHS = "$(inherited) @executable_path/Frameworks @loader_path/Frameworks";
				PRODUCT_BUNDLE_IDENTIFIER = ecgo.YGHTabBarTests;
				PRODUCT_NAME = "$(TARGET_NAME)";
				TEST_HOST = "$(BUILT_PRODUCTS_DIR)/YGHTabBar.app/YGHTabBar";
			};
			name = Release;
		};
		4117DF961CD8451D0024EB16 /* Debug */ = {
			isa = XCBuildConfiguration;
			buildSettings = {
				INFOPLIST_FILE = YGHTabBarUITests/Info.plist;
				LD_RUNPATH_SEARCH_PATHS = "$(inherited) @executable_path/Frameworks @loader_path/Frameworks";
				PRODUCT_BUNDLE_IDENTIFIER = ecgo.YGHTabBarUITests;
				PRODUCT_NAME = "$(TARGET_NAME)";
				TEST_TARGET_NAME = YGHTabBar;
				USES_XCTRUNNER = YES;
			};
			name = Debug;
		};
		4117DF971CD8451D0024EB16 /* Release */ = {
			isa = XCBuildConfiguration;
			buildSettings = {
				INFOPLIST_FILE = YGHTabBarUITests/Info.plist;
				LD_RUNPATH_SEARCH_PATHS = "$(inherited) @executable_path/Frameworks @loader_path/Frameworks";
				PRODUCT_BUNDLE_IDENTIFIER = ecgo.YGHTabBarUITests;
				PRODUCT_NAME = "$(TARGET_NAME)";
				TEST_TARGET_NAME = YGHTabBar;
				USES_XCTRUNNER = YES;
			};
			name = Release;
		};
/* End XCBuildConfiguration section */

/* Begin XCConfigurationList section */
		4117DF5D1CD8451D0024EB16 /* Build configuration list for PBXProject "YGHTabBar" */ = {
			isa = XCConfigurationList;
			buildConfigurations = (
				4117DF8D1CD8451D0024EB16 /* Debug */,
				4117DF8E1CD8451D0024EB16 /* Release */,
			);
			defaultConfigurationIsVisible = 0;
			defaultConfigurationName = Release;
		};
		4117DF8F1CD8451D0024EB16 /* Build configuration list for PBXNativeTarget "YGHTabBar" */ = {
			isa = XCConfigurationList;
			buildConfigurations = (
				4117DF901CD8451D0024EB16 /* Debug */,
				4117DF911CD8451D0024EB16 /* Release */,
			);
			defaultConfigurationIsVisible = 0;
		};
		4117DF921CD8451D0024EB16 /* Build configuration list for PBXNativeTarget "YGHTabBarTests" */ = {
			isa = XCConfigurationList;
			buildConfigurations = (
				4117DF931CD8451D0024EB16 /* Debug */,
				4117DF941CD8451D0024EB16 /* Release */,
			);
			defaultConfigurationIsVisible = 0;
		};
		4117DF951CD8451D0024EB16 /* Build configuration list for PBXNativeTarget "YGHTabBarUITests" */ = {
			isa = XCConfigurationList;
			buildConfigurations = (
				4117DF961CD8451D0024EB16 /* Debug */,
				4117DF971CD8451D0024EB16 /* Release */,
			);
			defaultConfigurationIsVisible = 0;
		};
/* End XCConfigurationList section */
	};
	rootObject = 4117DF5A1CD8451D0024EB16 /* Project object */;
}
